// !$*UTF8*$!
{
	archiveVersion = 1;
	classes = {
	};
	objectVersion = 46;
	objects = {

/* Begin PBXBuildFile section */
		6261196D1EB3B72C00D427AD /* AppDelegate.swift in Sources */ = {isa = PBXBuildFile; fileRef = 6261196C1EB3B72C00D427AD /* AppDelegate.swift */; };
		626119741EB3B72C00D427AD /* Assets.xcassets in Resources */ = {isa = PBXBuildFile; fileRef = 626119731EB3B72C00D427AD /* Assets.xcassets */; };
		626119771EB3B72C00D427AD /* LaunchScreen.storyboard in Resources */ = {isa = PBXBuildFile; fileRef = 626119751EB3B72C00D427AD /* LaunchScreen.storyboard */; };
		626119801EB3B7DF00D427AD /* GHTabBarController.swift in Sources */ = {isa = PBXBuildFile; fileRef = 6261197F1EB3B7DF00D427AD /* GHTabBarController.swift */; };
		626119821EB3B81300D427AD /* GHTabBarController.storyboard in Resources */ = {isa = PBXBuildFile; fileRef = 626119811EB3B81300D427AD /* GHTabBarController.storyboard */; };
		6261198D1EB3B8CE00D427AD /* GHNotificacoesVC.swift in Sources */ = {isa = PBXBuildFile; fileRef = 6261198B1EB3B8CE00D427AD /* GHNotificacoesVC.swift */; };
		626119931EB3BA7E00D427AD /* GHConstantes.swift in Sources */ = {isa = PBXBuildFile; fileRef = 626119921EB3BA7E00D427AD /* GHConstantes.swift */; };
		626119C21EB407ED00D427AD /* ENSideMenu.swift in Sources */ = {isa = PBXBuildFile; fileRef = 626119C01EB407ED00D427AD /* ENSideMenu.swift */; };
		626119C31EB407ED00D427AD /* ENSideMenuNavigationController.swift in Sources */ = {isa = PBXBuildFile; fileRef = 626119C11EB407ED00D427AD /* ENSideMenuNavigationController.swift */; };
		626119C91EB40A4700D427AD /* GHMenuNC.swift in Sources */ = {isa = PBXBuildFile; fileRef = 626119C81EB40A4700D427AD /* GHMenuNC.swift */; };
		626119F51EB419D800D427AD /* GHMenuTC.swift in Sources */ = {isa = PBXBuildFile; fileRef = 626119F31EB419D800D427AD /* GHMenuTC.swift */; };
		62611A021EB4228600D427AD /* GHMenu.storyboard in Resources */ = {isa = PBXBuildFile; fileRef = 62611A011EB4228600D427AD /* GHMenu.storyboard */; };
		62611A041EB4269D00D427AD /* rafael.jpeg in Resources */ = {isa = PBXBuildFile; fileRef = 62611A031EB4269D00D427AD /* rafael.jpeg */; };
		62C92EFA1EBAC0E800C596B3 /* GHMinhasVendasTC.swift in Sources */ = {isa = PBXBuildFile; fileRef = 62C92EF81EBAC0E800C596B3 /* GHMinhasVendasTC.swift */; };
		62C92EFD1EBB2ECF00C596B3 /* GHDashboardTC.swift in Sources */ = {isa = PBXBuildFile; fileRef = 62C92EFC1EBB2ECF00C596B3 /* GHDashboardTC.swift */; };
		62C92F011EBB97B200C596B3 /* GHUtils.swift in Sources */ = {isa = PBXBuildFile; fileRef = 62C92F001EBB97B200C596B3 /* GHUtils.swift */; };
		62C92F051EBB9F7A00C596B3 /* GHMensagemCell.swift in Sources */ = {isa = PBXBuildFile; fileRef = 62C92F041EBB9F7A00C596B3 /* GHMensagemCell.swift */; };
		62C92F071EBBBAFC00C596B3 /* GHMensagemVC.swift in Sources */ = {isa = PBXBuildFile; fileRef = 62C92F061EBBBAFC00C596B3 /* GHMensagemVC.swift */; };
/* End PBXBuildFile section */

/* Begin PBXFileReference section */
		626119691EB3B72C00D427AD /* GoHotmart.app */ = {isa = PBXFileReference; explicitFileType = wrapper.application; includeInIndex = 0; path = GoHotmart.app; sourceTree = BUILT_PRODUCTS_DIR; };
		6261196C1EB3B72C00D427AD /* AppDelegate.swift */ = {isa = PBXFileReference; lastKnownFileType = sourcecode.swift; path = AppDelegate.swift; sourceTree = "<group>"; };
		626119731EB3B72C00D427AD /* Assets.xcassets */ = {isa = PBXFileReference; lastKnownFileType = folder.assetcatalog; path = Assets.xcassets; sourceTree = "<group>"; };
		626119761EB3B72C00D427AD /* Base */ = {isa = PBXFileReference; lastKnownFileType = file.storyboard; name = Base; path = Base.lproj/LaunchScreen.storyboard; sourceTree = "<group>"; };
		626119781EB3B72C00D427AD /* Info.plist */ = {isa = PBXFileReference; lastKnownFileType = text.plist.xml; path = Info.plist; sourceTree = "<group>"; };
		6261197F1EB3B7DF00D427AD /* GHTabBarController.swift */ = {isa = PBXFileReference; fileEncoding = 4; lastKnownFileType = sourcecode.swift; name = GHTabBarController.swift; path = Views/GHTabBarController.swift; sourceTree = "<group>"; };
		626119811EB3B81300D427AD /* GHTabBarController.storyboard */ = {isa = PBXFileReference; fileEncoding = 4; lastKnownFileType = file.storyboard; path = GHTabBarController.storyboard; sourceTree = "<group>"; };
		6261198B1EB3B8CE00D427AD /* GHNotificacoesVC.swift */ = {isa = PBXFileReference; fileEncoding = 4; lastKnownFileType = sourcecode.swift; path = GHNotificacoesVC.swift; sourceTree = "<group>"; };
		626119921EB3BA7E00D427AD /* GHConstantes.swift */ = {isa = PBXFileReference; fileEncoding = 4; lastKnownFileType = sourcecode.swift; path = GHConstantes.swift; sourceTree = "<group>"; };
		626119C01EB407ED00D427AD /* ENSideMenu.swift */ = {isa = PBXFileReference; fileEncoding = 4; lastKnownFileType = sourcecode.swift; path = ENSideMenu.swift; sourceTree = "<group>"; };
		626119C11EB407ED00D427AD /* ENSideMenuNavigationController.swift */ = {isa = PBXFileReference; fileEncoding = 4; lastKnownFileType = sourcecode.swift; path = ENSideMenuNavigationController.swift; sourceTree = "<group>"; };
		626119C81EB40A4700D427AD /* GHMenuNC.swift */ = {isa = PBXFileReference; fileEncoding = 4; lastKnownFileType = sourcecode.swift; path = GHMenuNC.swift; sourceTree = "<group>"; };
		626119F31EB419D800D427AD /* GHMenuTC.swift */ = {isa = PBXFileReference; fileEncoding = 4; lastKnownFileType = sourcecode.swift; path = GHMenuTC.swift; sourceTree = "<group>"; };
		62611A011EB4228600D427AD /* GHMenu.storyboard */ = {isa = PBXFileReference; fileEncoding = 4; lastKnownFileType = file.storyboard; path = GHMenu.storyboard; sourceTree = "<group>"; };
		62611A031EB4269D00D427AD /* rafael.jpeg */ = {isa = PBXFileReference; lastKnownFileType = image.jpeg; path = rafael.jpeg; sourceTree = "<group>"; };
		62C92EF81EBAC0E800C596B3 /* GHMinhasVendasTC.swift */ = {isa = PBXFileReference; fileEncoding = 4; lastKnownFileType = sourcecode.swift; path = GHMinhasVendasTC.swift; sourceTree = "<group>"; };
		62C92EFC1EBB2ECF00C596B3 /* GHDashboardTC.swift */ = {isa = PBXFileReference; fileEncoding = 4; lastKnownFileType = sourcecode.swift; path = GHDashboardTC.swift; sourceTree = "<group>"; };
		62C92F001EBB97B200C596B3 /* GHUtils.swift */ = {isa = PBXFileReference; fileEncoding = 4; lastKnownFileType = sourcecode.swift; path = GHUtils.swift; sourceTree = "<group>"; };
		62C92F041EBB9F7A00C596B3 /* GHMensagemCell.swift */ = {isa = PBXFileReference; fileEncoding = 4; lastKnownFileType = sourcecode.swift; path = GHMensagemCell.swift; sourceTree = "<group>"; };
		62C92F061EBBBAFC00C596B3 /* GHMensagemVC.swift */ = {isa = PBXFileReference; fileEncoding = 4; lastKnownFileType = sourcecode.swift; path = GHMensagemVC.swift; sourceTree = "<group>"; };
/* End PBXFileReference section */

/* Begin PBXFrameworksBuildPhase section */
		626119661EB3B72C00D427AD /* Frameworks */ = {
			isa = PBXFrameworksBuildPhase;
			buildActionMask = 2147483647;
			files = (
			);
			runOnlyForDeploymentPostprocessing = 0;
		};
/* End PBXFrameworksBuildPhase section */

/* Begin PBXGroup section */
		626119601EB3B72C00D427AD = {
			isa = PBXGroup;
			children = (
				6261196B1EB3B72C00D427AD /* GoHotmart */,
				6261196A1EB3B72C00D427AD /* Products */,
			);
			sourceTree = "<group>";
		};
		6261196A1EB3B72C00D427AD /* Products */ = {
			isa = PBXGroup;
			children = (
				626119691EB3B72C00D427AD /* GoHotmart.app */,
			);
			name = Products;
			sourceTree = "<group>";
		};
		6261196B1EB3B72C00D427AD /* GoHotmart */ = {
			isa = PBXGroup;
			children = (
				626119F21EB4127500D427AD /* Library */,
				626119941EB3BC6400D427AD /* Resource */,
				626119911EB3BA5B00D427AD /* Utils */,
				626119901EB3B8FE00D427AD /* Controllers */,
				6261198F1EB3B8DD00D427AD /* View */,
				626119781EB3B72C00D427AD /* Info.plist */,
			);
			path = GoHotmart;
			sourceTree = "<group>";
		};
		6261198F1EB3B8DD00D427AD /* View */ = {
			isa = PBXGroup;
			children = (
				626119751EB3B72C00D427AD /* LaunchScreen.storyboard */,
				626119811EB3B81300D427AD /* GHTabBarController.storyboard */,
				62611A011EB4228600D427AD /* GHMenu.storyboard */,
			);
			name = View;
			sourceTree = "<group>";
		};
		626119901EB3B8FE00D427AD /* Controllers */ = {
			isa = PBXGroup;
			children = (
				6261196C1EB3B72C00D427AD /* AppDelegate.swift */,
				6261197F1EB3B7DF00D427AD /* GHTabBarController.swift */,
				6261198B1EB3B8CE00D427AD /* GHNotificacoesVC.swift */,
				62C92EF81EBAC0E800C596B3 /* GHMinhasVendasTC.swift */,
				62C92EFC1EBB2ECF00C596B3 /* GHDashboardTC.swift */,
				626119C81EB40A4700D427AD /* GHMenuNC.swift */,
				626119F31EB419D800D427AD /* GHMenuTC.swift */,
				62C92F041EBB9F7A00C596B3 /* GHMensagemCell.swift */,
				62C92F061EBBBAFC00C596B3 /* GHMensagemVC.swift */,
			);
			name = Controllers;
			sourceTree = "<group>";
		};
		626119911EB3BA5B00D427AD /* Utils */ = {
			isa = PBXGroup;
			children = (
				626119921EB3BA7E00D427AD /* GHConstantes.swift */,
				62C92F001EBB97B200C596B3 /* GHUtils.swift */,
			);
			name = Utils;
			sourceTree = "<group>";
		};
		626119941EB3BC6400D427AD /* Resource */ = {
			isa = PBXGroup;
			children = (
				62611A031EB4269D00D427AD /* rafael.jpeg */,
				626119731EB3B72C00D427AD /* Assets.xcassets */,
			);
			name = Resource;
			sourceTree = "<group>";
		};
		626119F21EB4127500D427AD /* Library */ = {
			isa = PBXGroup;
			children = (
				626119C01EB407ED00D427AD /* ENSideMenu.swift */,
				626119C11EB407ED00D427AD /* ENSideMenuNavigationController.swift */,
			);
			name = Library;
			sourceTree = "<group>";
		};
/* End PBXGroup section */

/* Begin PBXNativeTarget section */
		626119681EB3B72C00D427AD /* GoHotmart */ = {
			isa = PBXNativeTarget;
			buildConfigurationList = 6261197B1EB3B72C00D427AD /* Build configuration list for PBXNativeTarget "GoHotmart" */;
			buildPhases = (
				626119651EB3B72C00D427AD /* Sources */,
				626119661EB3B72C00D427AD /* Frameworks */,
				626119671EB3B72C00D427AD /* Resources */,
			);
			buildRules = (
			);
			dependencies = (
			);
			name = GoHotmart;
			productName = GoHotmart;
			productReference = 626119691EB3B72C00D427AD /* GoHotmart.app */;
			productType = "com.apple.product-type.application";
		};
/* End PBXNativeTarget section */

/* Begin PBXProject section */
		626119611EB3B72C00D427AD /* Project object */ = {
			isa = PBXProject;
			attributes = {
				LastSwiftUpdateCheck = 0830;
				LastUpgradeCheck = 0830;
				ORGANIZATIONNAME = "Edilson Jhones";
				TargetAttributes = {
					626119681EB3B72C00D427AD = {
						CreatedOnToolsVersion = 8.3.2;
						DevelopmentTeam = FQEPVZLE64;
						ProvisioningStyle = Automatic;
					};
				};
			};
			buildConfigurationList = 626119641EB3B72C00D427AD /* Build configuration list for PBXProject "GoHotmart" */;
			compatibilityVersion = "Xcode 3.2";
			developmentRegion = English;
			hasScannedForEncodings = 0;
			knownRegions = (
				en,
				Base,
			);
			mainGroup = 626119601EB3B72C00D427AD;
			productRefGroup = 6261196A1EB3B72C00D427AD /* Products */;
			projectDirPath = "";
			projectRoot = "";
			targets = (
				626119681EB3B72C00D427AD /* GoHotmart */,
			);
		};
/* End PBXProject section */

/* Begin PBXResourcesBuildPhase section */
		626119671EB3B72C00D427AD /* Resources */ = {
			isa = PBXResourcesBuildPhase;
			buildActionMask = 2147483647;
			files = (
				62611A041EB4269D00D427AD /* rafael.jpeg in Resources */,
				626119771EB3B72C00D427AD /* LaunchScreen.storyboard in Resources */,
				626119741EB3B72C00D427AD /* Assets.xcassets in Resources */,
				62611A021EB4228600D427AD /* GHMenu.storyboard in Resources */,
				626119821EB3B81300D427AD /* GHTabBarController.storyboard in Resources */,
			);
			runOnlyForDeploymentPostprocessing = 0;
		};
/* End PBXResourcesBuildPhase section */

/* Begin PBXSourcesBuildPhase section */
		626119651EB3B72C00D427AD /* Sources */ = {
			isa = PBXSourcesBuildPhase;
			buildActionMask = 2147483647;
			files = (
				62C92EFA1EBAC0E800C596B3 /* GHMinhasVendasTC.swift in Sources */,
				626119F51EB419D800D427AD /* GHMenuTC.swift in Sources */,
				626119C31EB407ED00D427AD /* ENSideMenuNavigationController.swift in Sources */,
				62C92EFD1EBB2ECF00C596B3 /* GHDashboardTC.swift in Sources */,
				62C92F071EBBBAFC00C596B3 /* GHMensagemVC.swift in Sources */,
				626119801EB3B7DF00D427AD /* GHTabBarController.swift in Sources */,
				626119C21EB407ED00D427AD /* ENSideMenu.swift in Sources */,
				626119931EB3BA7E00D427AD /* GHConstantes.swift in Sources */,
				626119C91EB40A4700D427AD /* GHMenuNC.swift in Sources */,
				62C92F051EBB9F7A00C596B3 /* GHMensagemCell.swift in Sources */,
				62C92F011EBB97B200C596B3 /* GHUtils.swift in Sources */,
				6261198D1EB3B8CE00D427AD /* GHNotificacoesVC.swift in Sources */,
				6261196D1EB3B72C00D427AD /* AppDelegate.swift in Sources */,
			);
			runOnlyForDeploymentPostprocessing = 0;
		};
/* End PBXSourcesBuildPhase section */

/* Begin PBXVariantGroup section */
		626119751EB3B72C00D427AD /* LaunchScreen.storyboard */ = {
			isa = PBXVariantGroup;
			children = (
				626119761EB3B72C00D427AD /* Base */,
			);
			name = LaunchScreen.storyboard;
			sourceTree = "<group>";
		};
/* End PBXVariantGroup section */

/* Begin XCBuildConfiguration section */
		626119791EB3B72C00D427AD /* Debug */ = {
			isa = XCBuildConfiguration;
			buildSettings = {
				ALWAYS_SEARCH_USER_PATHS = NO;
				CLANG_ANALYZER_NONNULL = YES;
				CLANG_ANALYZER_NUMBER_OBJECT_CONVERSION = YES_AGGRESSIVE;
				CLANG_CXX_LANGUAGE_STANDARD = "gnu++0x";
				CLANG_CXX_LIBRARY = "libc++";
				CLANG_ENABLE_MODULES = YES;
				CLANG_ENABLE_OBJC_ARC = YES;
				CLANG_WARN_BOOL_CONVERSION = YES;
				CLANG_WARN_CONSTANT_CONVERSION = YES;
				CLANG_WARN_DIRECT_OBJC_ISA_USAGE = YES_ERROR;
				CLANG_WARN_DOCUMENTATION_COMMENTS = YES;
				CLANG_WARN_EMPTY_BODY = YES;
				CLANG_WARN_ENUM_CONVERSION = YES;
				CLANG_WARN_INFINITE_RECURSION = YES;
				CLANG_WARN_INT_CONVERSION = YES;
				CLANG_WARN_OBJC_ROOT_CLASS = YES_ERROR;
				CLANG_WARN_SUSPICIOUS_MOVE = YES;
				CLANG_WARN_UNREACHABLE_CODE = YES;
				CLANG_WARN__DUPLICATE_METHOD_MATCH = YES;
				"CODE_SIGN_IDENTITY[sdk=iphoneos*]" = "iPhone Developer";
				COPY_PHASE_STRIP = NO;
				DEBUG_INFORMATION_FORMAT = dwarf;
				ENABLE_STRICT_OBJC_MSGSEND = YES;
				ENABLE_TESTABILITY = YES;
				GCC_C_LANGUAGE_STANDARD = gnu99;
				GCC_DYNAMIC_NO_PIC = NO;
				GCC_NO_COMMON_BLOCKS = YES;
				GCC_OPTIMIZATION_LEVEL = 0;
				GCC_PREPROCESSOR_DEFINITIONS = (
					"DEBUG=1",
					"$(inherited)",
				);
				GCC_WARN_64_TO_32_BIT_CONVERSION = YES;
				GCC_WARN_ABOUT_RETURN_TYPE = YES_ERROR;
				GCC_WARN_UNDECLARED_SELECTOR = YES;
				GCC_WARN_UNINITIALIZED_AUTOS = YES_AGGRESSIVE;
				GCC_WARN_UNUSED_FUNCTION = YES;
				GCC_WARN_UNUSED_VARIABLE = YES;
				IPHONEOS_DEPLOYMENT_TARGET = 10.3;
				MTL_ENABLE_DEBUG_INFO = YES;
				ONLY_ACTIVE_ARCH = YES;
				SDKROOT = iphoneos;
				SWIFT_ACTIVE_COMPILATION_CONDITIONS = DEBUG;
				SWIFT_OPTIMIZATION_LEVEL = "-Onone";
			};
			name = Debug;
		};
		6261197A1EB3B72C00D427AD /* Release */ = {
			isa = XCBuildConfiguration;
			buildSettings = {
				ALWAYS_SEARCH_USER_PATHS = NO;
				CLANG_ANALYZER_NONNULL = YES;
				CLANG_ANALYZER_NUMBER_OBJECT_CONVERSION = YES_AGGRESSIVE;
				CLANG_CXX_LANGUAGE_STANDARD = "gnu++0x";
				CLANG_CXX_LIBRARY = "libc++";
				CLANG_ENABLE_MODULES = YES;
				CLANG_ENABLE_OBJC_ARC = YES;
				CLANG_WARN_BOOL_CONVERSION = YES;
				CLANG_WARN_CONSTANT_CONVERSION = YES;
				CLANG_WARN_DIRECT_OBJC_ISA_USAGE = YES_ERROR;
				CLANG_WARN_DOCUMENTATION_COMMENTS = YES;
				CLANG_WARN_EMPTY_BODY = YES;
				CLANG_WARN_ENUM_CONVERSION = YES;
				CLANG_WARN_INFINITE_RECURSION = YES;
				CLANG_WARN_INT_CONVERSION = YES;
				CLANG_WARN_OBJC_ROOT_CLASS = YES_ERROR;
				CLANG_WARN_SUSPICIOUS_MOVE = YES;
				CLANG_WARN_UNREACHABLE_CODE = YES;
				CLANG_WARN__DUPLICATE_METHOD_MATCH = YES;
				"CODE_SIGN_IDENTITY[sdk=iphoneos*]" = "iPhone Developer";
				COPY_PHASE_STRIP = NO;
				DEBUG_INFORMATION_FORMAT = "dwarf-with-dsym";
				ENABLE_NS_ASSERTIONS = NO;
				ENABLE_STRICT_OBJC_MSGSEND = YES;
				GCC_C_LANGUAGE_STANDARD = gnu99;
				GCC_NO_COMMON_BLOCKS = YES;
				GCC_WARN_64_TO_32_BIT_CONVERSION = YES;
				GCC_WARN_ABOUT_RETURN_TYPE = YES_ERROR;
				GCC_WARN_UNDECLARED_SELECTOR = YES;
				GCC_WARN_UNINITIALIZED_AUTOS = YES_AGGRESSIVE;
				GCC_WARN_UNUSED_FUNCTION = YES;
				GCC_WARN_UNUSED_VARIABLE = YES;
				IPHONEOS_DEPLOYMENT_TARGET = 10.3;
				MTL_ENABLE_DEBUG_INFO = NO;
				SDKROOT = iphoneos;
				SWIFT_OPTIMIZATION_LEVEL = "-Owholemodule";
				VALIDATE_PRODUCT = YES;
			};
			name = Release;
		};
		6261197C1EB3B72C00D427AD /* Debug */ = {
			isa = XCBuildConfiguration;
			buildSettings = {
				ASSETCATALOG_COMPILER_APPICON_NAME = AppIcon;
				DEVELOPMENT_TEAM = FQEPVZLE64;
				INFOPLIST_FILE = GoHotmart/Info.plist;
				LD_RUNPATH_SEARCH_PATHS = "$(inherited) @executable_path/Frameworks";
				PRODUCT_BUNDLE_IDENTIFIER = com.ejhones.GoHotmart;
				PRODUCT_NAME = "$(TARGET_NAME)";
				SWIFT_VERSION = 3.0;
			};
			name = Debug;
		};
		6261197D1EB3B72C00D427AD /* Release */ = {
			isa = XCBuildConfiguration;
			buildSettings = {
				ASSETCATALOG_COMPILER_APPICON_NAME = AppIcon;
				DEVELOPMENT_TEAM = FQEPVZLE64;
				INFOPLIST_FILE = GoHotmart/Info.plist;
				LD_RUNPATH_SEARCH_PATHS = "$(inherited) @executable_path/Frameworks";
				PRODUCT_BUNDLE_IDENTIFIER = com.ejhones.GoHotmart;
				PRODUCT_NAME = "$(TARGET_NAME)";
				SWIFT_VERSION = 3.0;
			};
			name = Release;
		};
/* End XCBuildConfiguration section */

/* Begin XCConfigurationList section */
		626119641EB3B72C00D427AD /* Build configuration list for PBXProject "GoHotmart" */ = {
			isa = XCConfigurationList;
			buildConfigurations = (
				626119791EB3B72C00D427AD /* Debug */,
				6261197A1EB3B72C00D427AD /* Release */,
			);
			defaultConfigurationIsVisible = 0;
			defaultConfigurationName = Release;
		};
		6261197B1EB3B72C00D427AD /* Build configuration list for PBXNativeTarget "GoHotmart" */ = {
			isa = XCConfigurationList;
			buildConfigurations = (
				6261197C1EB3B72C00D427AD /* Debug */,
				6261197D1EB3B72C00D427AD /* Release */,
			);
			defaultConfigurationIsVisible = 0;
			defaultConfigurationName = Release;
		};
/* End XCConfigurationList section */
	};
	rootObject = 626119611EB3B72C00D427AD /* Project object */;
}
