// !$*UTF8*$!
{
	archiveVersion = 1;
	classes = {
	};
	objectVersion = 46;
	objects = {

/* Begin PBXBuildFile section */
		62B0C13E1EBBC590000BDC49 /* GHMenu.storyboard in Resources */ = {isa = PBXBuildFile; fileRef = 62B0C13B1EBBC590000BDC49 /* GHMenu.storyboard */; };
		62B0C13F1EBBC590000BDC49 /* GHTabBarController.storyboard in Resources */ = {isa = PBXBuildFile; fileRef = 62B0C13C1EBBC590000BDC49 /* GHTabBarController.storyboard */; };
		62B0C1401EBBC590000BDC49 /* LaunchScreen.storyboard in Resources */ = {isa = PBXBuildFile; fileRef = 62B0C13D1EBBC590000BDC49 /* LaunchScreen.storyboard */; };
		62B0C14A1EBBC5B0000BDC49 /* AppDelegate.swift in Sources */ = {isa = PBXBuildFile; fileRef = 62B0C1411EBBC5B0000BDC49 /* AppDelegate.swift */; };
		62B0C14C1EBBC5B0000BDC49 /* GHDashboardTC.swift in Sources */ = {isa = PBXBuildFile; fileRef = 62B0C1431EBBC5B0000BDC49 /* GHDashboardTC.swift */; };
		62B0C14D1EBBC5B0000BDC49 /* GHMensagemCell.swift in Sources */ = {isa = PBXBuildFile; fileRef = 62B0C1441EBBC5B0000BDC49 /* GHMensagemCell.swift */; };
		62B0C14E1EBBC5B0000BDC49 /* GHMensagemVC.swift in Sources */ = {isa = PBXBuildFile; fileRef = 62B0C1451EBBC5B0000BDC49 /* GHMensagemVC.swift */; };
		62B0C14F1EBBC5B0000BDC49 /* GHMenuTC.swift in Sources */ = {isa = PBXBuildFile; fileRef = 62B0C1461EBBC5B0000BDC49 /* GHMenuTC.swift */; };
		62B0C1501EBBC5B0000BDC49 /* GHMinhasVendasTC.swift in Sources */ = {isa = PBXBuildFile; fileRef = 62B0C1471EBBC5B0000BDC49 /* GHMinhasVendasTC.swift */; };
		62B0C1511EBBC5B0000BDC49 /* GHNotificacoesVC.swift in Sources */ = {isa = PBXBuildFile; fileRef = 62B0C1481EBBC5B0000BDC49 /* GHNotificacoesVC.swift */; };
		62B0C1521EBBC5B0000BDC49 /* GHTabBarController.swift in Sources */ = {isa = PBXBuildFile; fileRef = 62B0C1491EBBC5B0000BDC49 /* GHTabBarController.swift */; };
		62B0C1541EBBC5DB000BDC49 /* GHConstantes.swift in Sources */ = {isa = PBXBuildFile; fileRef = 62B0C1531EBBC5DB000BDC49 /* GHConstantes.swift */; };
		62B0C1581EBBC5EA000BDC49 /* Assets.xcassets in Resources */ = {isa = PBXBuildFile; fileRef = 62B0C1551EBBC5EA000BDC49 /* Assets.xcassets */; };
		62B0C1591EBBC5EA000BDC49 /* Info.plist in Resources */ = {isa = PBXBuildFile; fileRef = 62B0C1561EBBC5EA000BDC49 /* Info.plist */; };
		62B0C15A1EBBC5EA000BDC49 /* rafael.jpeg in Resources */ = {isa = PBXBuildFile; fileRef = 62B0C1571EBBC5EA000BDC49 /* rafael.jpeg */; };
		62B0C15B1EBBC616000BDC49 /* Info.plist in Sources */ = {isa = PBXBuildFile; fileRef = 62B0C1561EBBC5EA000BDC49 /* Info.plist */; };
/* End PBXBuildFile section */

/* Begin PBXFileReference section */
		626119691EB3B72C00D427AD /* GoHotmart.app */ = {isa = PBXFileReference; explicitFileType = wrapper.application; includeInIndex = 0; path = GoHotmart.app; sourceTree = BUILT_PRODUCTS_DIR; };
		62B0C13B1EBBC590000BDC49 /* GHMenu.storyboard */ = {isa = PBXFileReference; fileEncoding = 4; lastKnownFileType = file.storyboard; name = GHMenu.storyboard; path = Views/GHMenu.storyboard; sourceTree = "<group>"; };
		62B0C13C1EBBC590000BDC49 /* GHTabBarController.storyboard */ = {isa = PBXFileReference; fileEncoding = 4; lastKnownFileType = file.storyboard; name = GHTabBarController.storyboard; path = Views/GHTabBarController.storyboard; sourceTree = "<group>"; };
		62B0C13D1EBBC590000BDC49 /* LaunchScreen.storyboard */ = {isa = PBXFileReference; fileEncoding = 4; lastKnownFileType = file.storyboard; name = LaunchScreen.storyboard; path = Views/LaunchScreen.storyboard; sourceTree = "<group>"; };
		62B0C1411EBBC5B0000BDC49 /* AppDelegate.swift */ = {isa = PBXFileReference; fileEncoding = 4; lastKnownFileType = sourcecode.swift; name = AppDelegate.swift; path = Controllers/AppDelegate.swift; sourceTree = "<group>"; };
		62B0C1431EBBC5B0000BDC49 /* GHDashboardTC.swift */ = {isa = PBXFileReference; fileEncoding = 4; lastKnownFileType = sourcecode.swift; name = GHDashboardTC.swift; path = Controllers/GHDashboardTC.swift; sourceTree = "<group>"; };
		62B0C1441EBBC5B0000BDC49 /* GHMensagemCell.swift */ = {isa = PBXFileReference; fileEncoding = 4; lastKnownFileType = sourcecode.swift; name = GHMensagemCell.swift; path = Controllers/GHMensagemCell.swift; sourceTree = "<group>"; };
		62B0C1451EBBC5B0000BDC49 /* GHMensagemVC.swift */ = {isa = PBXFileReference; fileEncoding = 4; lastKnownFileType = sourcecode.swift; name = GHMensagemVC.swift; path = Controllers/GHMensagemVC.swift; sourceTree = "<group>"; };
		62B0C1461EBBC5B0000BDC49 /* GHMenuTC.swift */ = {isa = PBXFileReference; fileEncoding = 4; lastKnownFileType = sourcecode.swift; name = GHMenuTC.swift; path = Controllers/GHMenuTC.swift; sourceTree = "<group>"; };
		62B0C1471EBBC5B0000BDC49 /* GHMinhasVendasTC.swift */ = {isa = PBXFileReference; fileEncoding = 4; lastKnownFileType = sourcecode.swift; name = GHMinhasVendasTC.swift; path = Controllers/GHMinhasVendasTC.swift; sourceTree = "<group>"; };
		62B0C1481EBBC5B0000BDC49 /* GHNotificacoesVC.swift */ = {isa = PBXFileReference; fileEncoding = 4; lastKnownFileType = sourcecode.swift; name = GHNotificacoesVC.swift; path = Controllers/GHNotificacoesVC.swift; sourceTree = "<group>"; };
		62B0C1491EBBC5B0000BDC49 /* GHTabBarController.swift */ = {isa = PBXFileReference; fileEncoding = 4; lastKnownFileType = sourcecode.swift; name = GHTabBarController.swift; path = Controllers/GHTabBarController.swift; sourceTree = "<group>"; };
		62B0C1531EBBC5DB000BDC49 /* GHConstantes.swift */ = {isa = PBXFileReference; fileEncoding = 4; lastKnownFileType = sourcecode.swift; name = GHConstantes.swift; path = Util/GHConstantes.swift; sourceTree = "<group>"; };
		62B0C1551EBBC5EA000BDC49 /* Assets.xcassets */ = {isa = PBXFileReference; lastKnownFileType = folder.assetcatalog; name = Assets.xcassets; path = Resource/Assets.xcassets; sourceTree = "<group>"; };
		62B0C1561EBBC5EA000BDC49 /* Info.plist */ = {isa = PBXFileReference; fileEncoding = 4; lastKnownFileType = text.plist.xml; name = Info.plist; path = Resource/Info.plist; sourceTree = "<group>"; };
		62B0C1571EBBC5EA000BDC49 /* rafael.jpeg */ = {isa = PBXFileReference; lastKnownFileType = image.jpeg; name = rafael.jpeg; path = Resource/rafael.jpeg; sourceTree = "<group>"; };
/* End PBXFileReference section */

/* Begin PBXFrameworksBuildPhase section */
		626119661EB3B72C00D427AD /* Frameworks */ = {
			isa = PBXFrameworksBuildPhase;
			buildActionMask = 2147483647;
			files = (
			);
			runOnlyForDeploymentPostprocessing = 0;
		};
/* End PBXFrameworksBuildPhase section */

/* Begin PBXGroup section */
		626119601EB3B72C00D427AD = {
			isa = PBXGroup;
			children = (
				6261196B1EB3B72C00D427AD /* GoHotmart */,
				6261196A1EB3B72C00D427AD /* Products */,
			);
			sourceTree = "<group>";
		};
		6261196A1EB3B72C00D427AD /* Products */ = {
			isa = PBXGroup;
			children = (
				626119691EB3B72C00D427AD /* GoHotmart.app */,
			);
			name = Products;
			sourceTree = "<group>";
		};
		6261196B1EB3B72C00D427AD /* GoHotmart */ = {
			isa = PBXGroup;
			children = (
				626119941EB3BC6400D427AD /* Resource */,
				626119911EB3BA5B00D427AD /* Utils */,
				626119901EB3B8FE00D427AD /* Controllers */,
				6261198F1EB3B8DD00D427AD /* View */,
			);
			path = GoHotmart;
			sourceTree = "<group>";
		};
		6261198F1EB3B8DD00D427AD /* View */ = {
			isa = PBXGroup;
			children = (
				62B0C13B1EBBC590000BDC49 /* GHMenu.storyboard */,
				62B0C13C1EBBC590000BDC49 /* GHTabBarController.storyboard */,
				62B0C13D1EBBC590000BDC49 /* LaunchScreen.storyboard */,
			);
			name = View;
			sourceTree = "<group>";
		};
		626119901EB3B8FE00D427AD /* Controllers */ = {
			isa = PBXGroup;
			children = (
				62B0C1411EBBC5B0000BDC49 /* AppDelegate.swift */,
				62B0C1431EBBC5B0000BDC49 /* GHDashboardTC.swift */,
				62B0C1441EBBC5B0000BDC49 /* GHMensagemCell.swift */,
				62B0C1451EBBC5B0000BDC49 /* GHMensagemVC.swift */,
				62B0C1461EBBC5B0000BDC49 /* GHMenuTC.swift */,
				62B0C1471EBBC5B0000BDC49 /* GHMinhasVendasTC.swift */,
				62B0C1481EBBC5B0000BDC49 /* GHNotificacoesVC.swift */,
				62B0C1491EBBC5B0000BDC49 /* GHTabBarController.swift */,
			);
			name = Controllers;
			sourceTree = "<group>";
		};
		626119911EB3BA5B00D427AD /* Utils */ = {
			isa = PBXGroup;
			children = (
				62B0C1531EBBC5DB000BDC49 /* GHConstantes.swift */,
			);
			name = Utils;
			sourceTree = "<group>";
		};
		626119941EB3BC6400D427AD /* Resource */ = {
			isa = PBXGroup;
			children = (
				62B0C1551EBBC5EA000BDC49 /* Assets.xcassets */,
				62B0C1561EBBC5EA000BDC49 /* Info.plist */,
				62B0C1571EBBC5EA000BDC49 /* rafael.jpeg */,
			);
			name = Resource;
			sourceTree = "<group>";
		};
/* End PBXGroup section */

/* Begin PBXNativeTarget section */
		626119681EB3B72C00D427AD /* GoHotmart */ = {
			isa = PBXNativeTarget;
			buildConfigurationList = 6261197B1EB3B72C00D427AD /* Build configuration list for PBXNativeTarget "GoHotmart" */;
			buildPhases = (
				626119651EB3B72C00D427AD /* Sources */,
				626119661EB3B72C00D427AD /* Frameworks */,
				626119671EB3B72C00D427AD /* Resources */,
			);
			buildRules = (
			);
			dependencies = (
			);
			name = GoHotmart;
			productName = GoHotmart;
			productReference = 626119691EB3B72C00D427AD /* GoHotmart.app */;
			productType = "com.apple.product-type.application";
		};
/* End PBXNativeTarget section */

/* Begin PBXProject section */
		626119611EB3B72C00D427AD /* Project object */ = {
			isa = PBXProject;
			attributes = {
				LastSwiftUpdateCheck = 0830;
				LastUpgradeCheck = 0830;
				ORGANIZATIONNAME = "Edilson Jhones";
				TargetAttributes = {
					626119681EB3B72C00D427AD = {
						CreatedOnToolsVersion = 8.3.2;
						DevelopmentTeam = FQEPVZLE64;
						ProvisioningStyle = Automatic;
					};
				};
			};
			buildConfigurationList = 626119641EB3B72C00D427AD /* Build configuration list for PBXProject "GoHotmart" */;
			compatibilityVersion = "Xcode 3.2";
			developmentRegion = English;
			hasScannedForEncodings = 0;
			knownRegions = (
				en,
				Base,
			);
			mainGroup = 626119601EB3B72C00D427AD;
			productRefGroup = 6261196A1EB3B72C00D427AD /* Products */;
			projectDirPath = "";
			projectRoot = "";
			targets = (
				626119681EB3B72C00D427AD /* GoHotmart */,
			);
		};
/* End PBXProject section */

/* Begin PBXResourcesBuildPhase section */
		626119671EB3B72C00D427AD /* Resources */ = {
			isa = PBXResourcesBuildPhase;
			buildActionMask = 2147483647;
			files = (
				62B0C1401EBBC590000BDC49 /* LaunchScreen.storyboard in Resources */,
				62B0C15A1EBBC5EA000BDC49 /* rafael.jpeg in Resources */,
				62B0C13E1EBBC590000BDC49 /* GHMenu.storyboard in Resources */,
				62B0C1581EBBC5EA000BDC49 /* Assets.xcassets in Resources */,
				62B0C13F1EBBC590000BDC49 /* GHTabBarController.storyboard in Resources */,
				62B0C1591EBBC5EA000BDC49 /* Info.plist in Resources */,
			);
			runOnlyForDeploymentPostprocessing = 0;
		};
/* End PBXResourcesBuildPhase section */

/* Begin PBXSourcesBuildPhase section */
		626119651EB3B72C00D427AD /* Sources */ = {
			isa = PBXSourcesBuildPhase;
			buildActionMask = 2147483647;
			files = (
				62B0C15B1EBBC616000BDC49 /* Info.plist in Sources */,
				62B0C1511EBBC5B0000BDC49 /* GHNotificacoesVC.swift in Sources */,
				62B0C14E1EBBC5B0000BDC49 /* GHMensagemVC.swift in Sources */,
				62B0C1521EBBC5B0000BDC49 /* GHTabBarController.swift in Sources */,
				62B0C14F1EBBC5B0000BDC49 /* GHMenuTC.swift in Sources */,
				62B0C1501EBBC5B0000BDC49 /* GHMinhasVendasTC.swift in Sources */,
				62B0C14D1EBBC5B0000BDC49 /* GHMensagemCell.swift in Sources */,
				62B0C14C1EBBC5B0000BDC49 /* GHDashboardTC.swift in Sources */,
				62B0C14A1EBBC5B0000BDC49 /* AppDelegate.swift in Sources */,
				62B0C1541EBBC5DB000BDC49 /* GHConstantes.swift in Sources */,
			);
			runOnlyForDeploymentPostprocessing = 0;
		};
/* End PBXSourcesBuildPhase section */

/* Begin XCBuildConfiguration section */
		626119791EB3B72C00D427AD /* Debug */ = {
			isa = XCBuildConfiguration;
			buildSettings = {
				ALWAYS_SEARCH_USER_PATHS = NO;
				CLANG_ANALYZER_NONNULL = YES;
				CLANG_ANALYZER_NUMBER_OBJECT_CONVERSION = YES_AGGRESSIVE;
				CLANG_CXX_LANGUAGE_STANDARD = "gnu++0x";
				CLANG_CXX_LIBRARY = "libc++";
				CLANG_ENABLE_MODULES = YES;
				CLANG_ENABLE_OBJC_ARC = YES;
				CLANG_WARN_BOOL_CONVERSION = YES;
				CLANG_WARN_CONSTANT_CONVERSION = YES;
				CLANG_WARN_DIRECT_OBJC_ISA_USAGE = YES_ERROR;
				CLANG_WARN_DOCUMENTATION_COMMENTS = YES;
				CLANG_WARN_EMPTY_BODY = YES;
				CLANG_WARN_ENUM_CONVERSION = YES;
				CLANG_WARN_INFINITE_RECURSION = YES;
				CLANG_WARN_INT_CONVERSION = YES;
				CLANG_WARN_OBJC_ROOT_CLASS = YES_ERROR;
				CLANG_WARN_SUSPICIOUS_MOVE = YES;
				CLANG_WARN_UNREACHABLE_CODE = YES;
				CLANG_WARN__DUPLICATE_METHOD_MATCH = YES;
				"CODE_SIGN_IDENTITY[sdk=iphoneos*]" = "iPhone Developer";
				COPY_PHASE_STRIP = NO;
				DEBUG_INFORMATION_FORMAT = dwarf;
				ENABLE_STRICT_OBJC_MSGSEND = YES;
				ENABLE_TESTABILITY = YES;
				GCC_C_LANGUAGE_STANDARD = gnu99;
				GCC_DYNAMIC_NO_PIC = NO;
				GCC_NO_COMMON_BLOCKS = YES;
				GCC_OPTIMIZATION_LEVEL = 0;
				GCC_PREPROCESSOR_DEFINITIONS = (
					"DEBUG=1",
					"$(inherited)",
				);
				GCC_WARN_64_TO_32_BIT_CONVERSION = YES;
				GCC_WARN_ABOUT_RETURN_TYPE = YES_ERROR;
				GCC_WARN_UNDECLARED_SELECTOR = YES;
				GCC_WARN_UNINITIALIZED_AUTOS = YES_AGGRESSIVE;
				GCC_WARN_UNUSED_FUNCTION = YES;
				GCC_WARN_UNUSED_VARIABLE = YES;
				IPHONEOS_DEPLOYMENT_TARGET = 10.3;
				MTL_ENABLE_DEBUG_INFO = YES;
				ONLY_ACTIVE_ARCH = YES;
				SDKROOT = iphoneos;
				SWIFT_ACTIVE_COMPILATION_CONDITIONS = DEBUG;
				SWIFT_OPTIMIZATION_LEVEL = "-Onone";
			};
			name = Debug;
		};
		6261197A1EB3B72C00D427AD /* Release */ = {
			isa = XCBuildConfiguration;
			buildSettings = {
				ALWAYS_SEARCH_USER_PATHS = NO;
				CLANG_ANALYZER_NONNULL = YES;
				CLANG_ANALYZER_NUMBER_OBJECT_CONVERSION = YES_AGGRESSIVE;
				CLANG_CXX_LANGUAGE_STANDARD = "gnu++0x";
				CLANG_CXX_LIBRARY = "libc++";
				CLANG_ENABLE_MODULES = YES;
				CLANG_ENABLE_OBJC_ARC = YES;
				CLANG_WARN_BOOL_CONVERSION = YES;
				CLANG_WARN_CONSTANT_CONVERSION = YES;
				CLANG_WARN_DIRECT_OBJC_ISA_USAGE = YES_ERROR;
				CLANG_WARN_DOCUMENTATION_COMMENTS = YES;
				CLANG_WARN_EMPTY_BODY = YES;
				CLANG_WARN_ENUM_CONVERSION = YES;
				CLANG_WARN_INFINITE_RECURSION = YES;
				CLANG_WARN_INT_CONVERSION = YES;
				CLANG_WARN_OBJC_ROOT_CLASS = YES_ERROR;
				CLANG_WARN_SUSPICIOUS_MOVE = YES;
				CLANG_WARN_UNREACHABLE_CODE = YES;
				CLANG_WARN__DUPLICATE_METHOD_MATCH = YES;
				"CODE_SIGN_IDENTITY[sdk=iphoneos*]" = "iPhone Developer";
				COPY_PHASE_STRIP = NO;
				DEBUG_INFORMATION_FORMAT = "dwarf-with-dsym";
				ENABLE_NS_ASSERTIONS = NO;
				ENABLE_STRICT_OBJC_MSGSEND = YES;
				GCC_C_LANGUAGE_STANDARD = gnu99;
				GCC_NO_COMMON_BLOCKS = YES;
				GCC_WARN_64_TO_32_BIT_CONVERSION = YES;
				GCC_WARN_ABOUT_RETURN_TYPE = YES_ERROR;
				GCC_WARN_UNDECLARED_SELECTOR = YES;
				GCC_WARN_UNINITIALIZED_AUTOS = YES_AGGRESSIVE;
				GCC_WARN_UNUSED_FUNCTION = YES;
				GCC_WARN_UNUSED_VARIABLE = YES;
				IPHONEOS_DEPLOYMENT_TARGET = 10.3;
				MTL_ENABLE_DEBUG_INFO = NO;
				SDKROOT = iphoneos;
				SWIFT_OPTIMIZATION_LEVEL = "-Owholemodule";
				VALIDATE_PRODUCT = YES;
			};
			name = Release;
		};
		6261197C1EB3B72C00D427AD /* Debug */ = {
			isa = XCBuildConfiguration;
			buildSettings = {
				ASSETCATALOG_COMPILER_APPICON_NAME = AppIcon;
				DEVELOPMENT_TEAM = FQEPVZLE64;
				INFOPLIST_FILE = "$(SRCROOT)/GoHotmart/Resource/Info.plist";
				IPHONEOS_DEPLOYMENT_TARGET = 8.0;
				LD_RUNPATH_SEARCH_PATHS = "$(inherited) @executable_path/Frameworks";
				PRODUCT_BUNDLE_IDENTIFIER = com.ejhones.GoHotmart;
				PRODUCT_NAME = "$(TARGET_NAME)";
				SWIFT_VERSION = 3.0;
			};
			name = Debug;
		};
		6261197D1EB3B72C00D427AD /* Release */ = {
			isa = XCBuildConfiguration;
			buildSettings = {
				ASSETCATALOG_COMPILER_APPICON_NAME = AppIcon;
				DEVELOPMENT_TEAM = FQEPVZLE64;
				INFOPLIST_FILE = "$(SRCROOT)/GoHotmart/Resource/Info.plist";
				IPHONEOS_DEPLOYMENT_TARGET = 8.0;
				LD_RUNPATH_SEARCH_PATHS = "$(inherited) @executable_path/Frameworks";
				PRODUCT_BUNDLE_IDENTIFIER = com.ejhones.GoHotmart;
				PRODUCT_NAME = "$(TARGET_NAME)";
				SWIFT_VERSION = 3.0;
			};
			name = Release;
		};
/* End XCBuildConfiguration section */

/* Begin XCConfigurationList section */
		626119641EB3B72C00D427AD /* Build configuration list for PBXProject "GoHotmart" */ = {
			isa = XCConfigurationList;
			buildConfigurations = (
				626119791EB3B72C00D427AD /* Debug */,
				6261197A1EB3B72C00D427AD /* Release */,
			);
			defaultConfigurationIsVisible = 0;
			defaultConfigurationName = Release;
		};
		6261197B1EB3B72C00D427AD /* Build configuration list for PBXNativeTarget "GoHotmart" */ = {
			isa = XCConfigurationList;
			buildConfigurations = (
				6261197C1EB3B72C00D427AD /* Debug */,
				6261197D1EB3B72C00D427AD /* Release */,
			);
			defaultConfigurationIsVisible = 0;
			defaultConfigurationName = Release;
		};
/* End XCConfigurationList section */
	};
	rootObject = 626119611EB3B72C00D427AD /* Project object */;
}
